
Microsoft Visual Studio Solution File, Format Version 12.00
# Visual Studio Version 16
VisualStudioVersion = 16.0.29503.13
MinimumVisualStudioVersion = 10.0.40219.1
Project("{9A19103F-16F7-4668-BE54-9A1E7A4F7556}") = "Scrapping.AllPossibilities", "Scrapping.AllPossibilities\Scrapping.AllPossibilities.csproj", "{166F71E3-773E-4620-82E5-490AEF55D931}"
EndProject
Global
	GlobalSection(SolutionConfigurationPlatforms) = preSolution
		Debug|Any CPU = Debug|Any CPU
		Release|Any CPU = Release|Any CPU
	EndGlobalSection
	GlobalSection(ProjectConfigurationPlatforms) = postSolution
		{166F71E3-773E-4620-82E5-490AEF55D931}.Debug|Any CPU.ActiveCfg = Debug|Any CPU
		{166F71E3-773E-4620-82E5-490AEF55D931}.Debug|Any CPU.Build.0 = Debug|Any CPU
		{166F71E3-773E-4620-82E5-490AEF55D931}.Release|Any CPU.ActiveCfg = Release|Any CPU
		{166F71E3-773E-4620-82E5-490AEF55D931}.Release|Any CPU.Build.0 = Release|Any CPU
	EndGlobalSection
	GlobalSection(SolutionProperties) = preSolution
		HideSolutionNode = FALSE
	EndGlobalSection
	GlobalSection(ExtensibilityGlobals) = postSolution
		SolutionGuid = {FCB400F5-5583-4B7C-AFE0-344C0011F30E}
	EndGlobalSection
EndGlobal
